
Microsoft Visual Studio Solution File, Format Version 12.00
# Visual Studio Version 17
VisualStudioVersion = 17.4.33403.182
MinimumVisualStudioVersion = 10.0.40219.1
Project("{FAE04EC0-301F-11D3-BF4B-00C04F79EFBC}") = "WPFMiniProject", "WPFMiniProject\WPFMiniProject.csproj", "{E3ED0869-9484-46FA-8290-50CD246E2D06}"
EndProject
Global
	GlobalSection(SolutionConfigurationPlatforms) = preSolution
		Debug|Any CPU = Debug|Any CPU
		Release|Any CPU = Release|Any CPU
	EndGlobalSection
	GlobalSection(ProjectConfigurationPlatforms) = postSolution
		{E3ED0869-9484-46FA-8290-50CD246E2D06}.Debug|Any CPU.ActiveCfg = Debug|Any CPU
		{E3ED0869-9484-46FA-8290-50CD246E2D06}.Debug|Any CPU.Build.0 = Debug|Any CPU
		{E3ED0869-9484-46FA-8290-50CD246E2D06}.Release|Any CPU.ActiveCfg = Release|Any CPU
		{E3ED0869-9484-46FA-8290-50CD246E2D06}.Release|Any CPU.Build.0 = Release|Any CPU
	EndGlobalSection
	GlobalSection(SolutionProperties) = preSolution
		HideSolutionNode = FALSE
	EndGlobalSection
	GlobalSection(ExtensibilityGlobals) = postSolution
		SolutionGuid = {6F627D52-76B3-49AD-8B77-D716ED0EDA98}
	EndGlobalSection
EndGlobal
